
Microsoft Visual Studio Solution File, Format Version 12.00
# Visual Studio Version 16
VisualStudioVersion = 16.0.30517.126
MinimumVisualStudioVersion = 10.0.40219.1
Project("{FAE04EC0-301F-11D3-BF4B-00C04F79EFBC}") = "JobAdderChallenge", "JobAdderChallenge.csproj", "{AA5FF803-03C8-408B-956C-D9641DA56649}"
EndProject
Project("{FAE04EC0-301F-11D3-BF4B-00C04F79EFBC}") = "JobAdderChallengeTest", "..\JobAdderChallengeTest\JobAdderChallengeTest.csproj", "{2721CB77-9434-4FC8-94A4-1D1277695648}"
EndProject
Global
	GlobalSection(SolutionConfigurationPlatforms) = preSolution
		Debug|Any CPU = Debug|Any CPU
		Release|Any CPU = Release|Any CPU
	EndGlobalSection
	GlobalSection(ProjectConfigurationPlatforms) = postSolution
		{AA5FF803-03C8-408B-956C-D9641DA56649}.Debug|Any CPU.ActiveCfg = Debug|Any CPU
		{AA5FF803-03C8-408B-956C-D9641DA56649}.Debug|Any CPU.Build.0 = Debug|Any CPU
		{AA5FF803-03C8-408B-956C-D9641DA56649}.Release|Any CPU.ActiveCfg = Release|Any CPU
		{AA5FF803-03C8-408B-956C-D9641DA56649}.Release|Any CPU.Build.0 = Release|Any CPU
		{2721CB77-9434-4FC8-94A4-1D1277695648}.Debug|Any CPU.ActiveCfg = Debug|Any CPU
		{2721CB77-9434-4FC8-94A4-1D1277695648}.Debug|Any CPU.Build.0 = Debug|Any CPU
		{2721CB77-9434-4FC8-94A4-1D1277695648}.Release|Any CPU.ActiveCfg = Release|Any CPU
		{2721CB77-9434-4FC8-94A4-1D1277695648}.Release|Any CPU.Build.0 = Release|Any CPU
	EndGlobalSection
	GlobalSection(SolutionProperties) = preSolution
		HideSolutionNode = FALSE
	EndGlobalSection
	GlobalSection(ExtensibilityGlobals) = postSolution
		SolutionGuid = {B4D028A7-ED4D-49CE-8D51-03228A3DF26D}
	EndGlobalSection
EndGlobal
